
Microsoft Visual Studio Solution File, Format Version 12.00
# Visual Studio Version 16
VisualStudioVersion = 16.0.28803.156
MinimumVisualStudioVersion = 10.0.40219.1
Project("{FAE04EC0-301F-11D3-BF4B-00C04F79EFBC}") = "BDIv2.Installer", "BDIv2.Installer\BDIv2.Installer.csproj", "{0305FB31-2151-49CC-AFA7-C6E7120D8067}"
EndProject
Global
	GlobalSection(SolutionConfigurationPlatforms) = preSolution
		Debug|Any CPU = Debug|Any CPU
		Release|Any CPU = Release|Any CPU
	EndGlobalSection
	GlobalSection(ProjectConfigurationPlatforms) = postSolution
		{0305FB31-2151-49CC-AFA7-C6E7120D8067}.Debug|Any CPU.ActiveCfg = Debug|Any CPU
		{0305FB31-2151-49CC-AFA7-C6E7120D8067}.Debug|Any CPU.Build.0 = Debug|Any CPU
		{0305FB31-2151-49CC-AFA7-C6E7120D8067}.Release|Any CPU.ActiveCfg = Release|Any CPU
		{0305FB31-2151-49CC-AFA7-C6E7120D8067}.Release|Any CPU.Build.0 = Release|Any CPU
	EndGlobalSection
	GlobalSection(SolutionProperties) = preSolution
		HideSolutionNode = FALSE
	EndGlobalSection
	GlobalSection(ExtensibilityGlobals) = postSolution
		SolutionGuid = {873FE64D-0B3F-4D72-A687-F25F12A1A29F}
	EndGlobalSection
EndGlobal
